// !$*UTF8*$!
{
	archiveVersion = 1;
	classes = {
	};
	objectVersion = 56;
	objects = {

/* Begin PBXBuildFile section */
		D659049A2B46AAD600EA82C8 /* AppDelegate.swift in Sources */ = {isa = PBXBuildFile; fileRef = D65904992B46AAD600EA82C8 /* AppDelegate.swift */; };
		D659049C2B46AAD600EA82C8 /* art.scnassets in Resources */ = {isa = PBXBuildFile; fileRef = D659049B2B46AAD600EA82C8 /* art.scnassets */; };
		D659049E2B46AAD600EA82C8 /* ViewController.swift in Sources */ = {isa = PBXBuildFile; fileRef = D659049D2B46AAD600EA82C8 /* ViewController.swift */; };
		D65904A12B46AAD600EA82C8 /* Main.storyboard in Resources */ = {isa = PBXBuildFile; fileRef = D659049F2B46AAD600EA82C8 /* Main.storyboard */; };
		D65904A32B46AAD800EA82C8 /* Assets.xcassets in Resources */ = {isa = PBXBuildFile; fileRef = D65904A22B46AAD800EA82C8 /* Assets.xcassets */; };
		D65904AD2B46AAD800EA82C8 /* ARKitDemoTests.swift in Sources */ = {isa = PBXBuildFile; fileRef = D65904AC2B46AAD800EA82C8 /* ARKitDemoTests.swift */; };
		D65904B72B46AAD800EA82C8 /* ARKitDemoUITests.swift in Sources */ = {isa = PBXBuildFile; fileRef = D65904B62B46AAD800EA82C8 /* ARKitDemoUITests.swift */; };
		D65904B92B46AAD800EA82C8 /* ARKitDemoUITestsLaunchTests.swift in Sources */ = {isa = PBXBuildFile; fileRef = D65904B82B46AAD800EA82C8 /* ARKitDemoUITestsLaunchTests.swift */; };
/* End PBXBuildFile section */

/* Begin PBXContainerItemProxy section */
		D65904A92B46AAD800EA82C8 /* PBXContainerItemProxy */ = {
			isa = PBXContainerItemProxy;
			containerPortal = D659048E2B46AAD600EA82C8 /* Project object */;
			proxyType = 1;
			remoteGlobalIDString = D65904952B46AAD600EA82C8;
			remoteInfo = ARKitDemo;
		};
		D65904B32B46AAD800EA82C8 /* PBXContainerItemProxy */ = {
			isa = PBXContainerItemProxy;
			containerPortal = D659048E2B46AAD600EA82C8 /* Project object */;
			proxyType = 1;
			remoteGlobalIDString = D65904952B46AAD600EA82C8;
			remoteInfo = ARKitDemo;
		};
/* End PBXContainerItemProxy section */

/* Begin PBXFileReference section */
		D65904962B46AAD600EA82C8 /* ARKitDemo.app */ = {isa = PBXFileReference; explicitFileType = wrapper.application; includeInIndex = 0; path = ARKitDemo.app; sourceTree = BUILT_PRODUCTS_DIR; };
		D65904992B46AAD600EA82C8 /* AppDelegate.swift */ = {isa = PBXFileReference; lastKnownFileType = sourcecode.swift; path = AppDelegate.swift; sourceTree = "<group>"; };
		D659049B2B46AAD600EA82C8 /* art.scnassets */ = {isa = PBXFileReference; lastKnownFileType = wrapper.scnassets; path = art.scnassets; sourceTree = "<group>"; };
		D659049D2B46AAD600EA82C8 /* ViewController.swift */ = {isa = PBXFileReference; lastKnownFileType = sourcecode.swift; path = ViewController.swift; sourceTree = "<group>"; };
		D65904A02B46AAD600EA82C8 /* Base */ = {isa = PBXFileReference; lastKnownFileType = file.storyboard; name = Base; path = Base.lproj/Main.storyboard; sourceTree = "<group>"; };
		D65904A22B46AAD800EA82C8 /* Assets.xcassets */ = {isa = PBXFileReference; lastKnownFileType = folder.assetcatalog; path = Assets.xcassets; sourceTree = "<group>"; };
		D65904A82B46AAD800EA82C8 /* ARKitDemoTests.xctest */ = {isa = PBXFileReference; explicitFileType = wrapper.cfbundle; includeInIndex = 0; path = ARKitDemoTests.xctest; sourceTree = BUILT_PRODUCTS_DIR; };
		D65904AC2B46AAD800EA82C8 /* ARKitDemoTests.swift */ = {isa = PBXFileReference; lastKnownFileType = sourcecode.swift; path = ARKitDemoTests.swift; sourceTree = "<group>"; };
		D65904B22B46AAD800EA82C8 /* ARKitDemoUITests.xctest */ = {isa = PBXFileReference; explicitFileType = wrapper.cfbundle; includeInIndex = 0; path = ARKitDemoUITests.xctest; sourceTree = BUILT_PRODUCTS_DIR; };
		D65904B62B46AAD800EA82C8 /* ARKitDemoUITests.swift */ = {isa = PBXFileReference; lastKnownFileType = sourcecode.swift; path = ARKitDemoUITests.swift; sourceTree = "<group>"; };
		D65904B82B46AAD800EA82C8 /* ARKitDemoUITestsLaunchTests.swift */ = {isa = PBXFileReference; lastKnownFileType = sourcecode.swift; path = ARKitDemoUITestsLaunchTests.swift; sourceTree = "<group>"; };
/* End PBXFileReference section */

/* Begin PBXFrameworksBuildPhase section */
		D65904932B46AAD600EA82C8 /* Frameworks */ = {
			isa = PBXFrameworksBuildPhase;
			buildActionMask = 2147483647;
			files = (
			);
			runOnlyForDeploymentPostprocessing = 0;
		};
		D65904A52B46AAD800EA82C8 /* Frameworks */ = {
			isa = PBXFrameworksBuildPhase;
			buildActionMask = 2147483647;
			files = (
			);
			runOnlyForDeploymentPostprocessing = 0;
		};
		D65904AF2B46AAD800EA82C8 /* Frameworks */ = {
			isa = PBXFrameworksBuildPhase;
			buildActionMask = 2147483647;
			files = (
			);
			runOnlyForDeploymentPostprocessing = 0;
		};
/* End PBXFrameworksBuildPhase section */

/* Begin PBXGroup section */
		D659048D2B46AAD600EA82C8 = {
			isa = PBXGroup;
			children = (
				D65904982B46AAD600EA82C8 /* ARKitDemo */,
				D65904AB2B46AAD800EA82C8 /* ARKitDemoTests */,
				D65904B52B46AAD800EA82C8 /* ARKitDemoUITests */,
				D65904972B46AAD600EA82C8 /* Products */,
			);
			sourceTree = "<group>";
		};
		D65904972B46AAD600EA82C8 /* Products */ = {
			isa = PBXGroup;
			children = (
				D65904962B46AAD600EA82C8 /* ARKitDemo.app */,
				D65904A82B46AAD800EA82C8 /* ARKitDemoTests.xctest */,
				D65904B22B46AAD800EA82C8 /* ARKitDemoUITests.xctest */,
			);
			name = Products;
			sourceTree = "<group>";
		};
		D65904982B46AAD600EA82C8 /* ARKitDemo */ = {
			isa = PBXGroup;
			children = (
				D65904992B46AAD600EA82C8 /* AppDelegate.swift */,
				D659049B2B46AAD600EA82C8 /* art.scnassets */,
				D659049D2B46AAD600EA82C8 /* ViewController.swift */,
				D659049F2B46AAD600EA82C8 /* Main.storyboard */,
				D65904A22B46AAD800EA82C8 /* Assets.xcassets */,
			);
			path = ARKitDemo;
			sourceTree = "<group>";
		};
		D65904AB2B46AAD800EA82C8 /* ARKitDemoTests */ = {
			isa = PBXGroup;
			children = (
				D65904AC2B46AAD800EA82C8 /* ARKitDemoTests.swift */,
			);
			path = ARKitDemoTests;
			sourceTree = "<group>";
		};
		D65904B52B46AAD800EA82C8 /* ARKitDemoUITests */ = {
			isa = PBXGroup;
			children = (
				D65904B62B46AAD800EA82C8 /* ARKitDemoUITests.swift */,
				D65904B82B46AAD800EA82C8 /* ARKitDemoUITestsLaunchTests.swift */,
			);
			path = ARKitDemoUITests;
			sourceTree = "<group>";
		};
/* End PBXGroup section */

/* Begin PBXNativeTarget section */
		D65904952B46AAD600EA82C8 /* ARKitDemo */ = {
			isa = PBXNativeTarget;
			buildConfigurationList = D65904BC2B46AAD800EA82C8 /* Build configuration list for PBXNativeTarget "ARKitDemo" */;
			buildPhases = (
				D65904922B46AAD600EA82C8 /* Sources */,
				D65904932B46AAD600EA82C8 /* Frameworks */,
				D65904942B46AAD600EA82C8 /* Resources */,
			);
			buildRules = (
			);
			dependencies = (
			);
			name = ARKitDemo;
			productName = ARKitDemo;
			productReference = D65904962B46AAD600EA82C8 /* ARKitDemo.app */;
			productType = "com.apple.product-type.application";
		};
		D65904A72B46AAD800EA82C8 /* ARKitDemoTests */ = {
			isa = PBXNativeTarget;
			buildConfigurationList = D65904BF2B46AAD800EA82C8 /* Build configuration list for PBXNativeTarget "ARKitDemoTests" */;
			buildPhases = (
				D65904A42B46AAD800EA82C8 /* Sources */,
				D65904A52B46AAD800EA82C8 /* Frameworks */,
				D65904A62B46AAD800EA82C8 /* Resources */,
			);
			buildRules = (
			);
			dependencies = (
				D65904AA2B46AAD800EA82C8 /* PBXTargetDependency */,
			);
			name = ARKitDemoTests;
			productName = ARKitDemoTests;
			productReference = D65904A82B46AAD800EA82C8 /* ARKitDemoTests.xctest */;
			productType = "com.apple.product-type.bundle.unit-test";
		};
		D65904B12B46AAD800EA82C8 /* ARKitDemoUITests */ = {
			isa = PBXNativeTarget;
			buildConfigurationList = D65904C22B46AAD800EA82C8 /* Build configuration list for PBXNativeTarget "ARKitDemoUITests" */;
			buildPhases = (
				D65904AE2B46AAD800EA82C8 /* Sources */,
				D65904AF2B46AAD800EA82C8 /* Frameworks */,
				D65904B02B46AAD800EA82C8 /* Resources */,
			);
			buildRules = (
			);
			dependencies = (
				D65904B42B46AAD800EA82C8 /* PBXTargetDependency */,
			);
			name = ARKitDemoUITests;
			productName = ARKitDemoUITests;
			productReference = D65904B22B46AAD800EA82C8 /* ARKitDemoUITests.xctest */;
			productType = "com.apple.product-type.bundle.ui-testing";
		};
/* End PBXNativeTarget section */

/* Begin PBXProject section */
		D659048E2B46AAD600EA82C8 /* Project object */ = {
			isa = PBXProject;
			attributes = {
				BuildIndependentTargetsInParallel = 1;
				LastSwiftUpdateCheck = 1510;
				LastUpgradeCheck = 1510;
				TargetAttributes = {
					D65904952B46AAD600EA82C8 = {
						CreatedOnToolsVersion = 15.1;
					};
					D65904A72B46AAD800EA82C8 = {
						CreatedOnToolsVersion = 15.1;
						TestTargetID = D65904952B46AAD600EA82C8;
					};
					D65904B12B46AAD800EA82C8 = {
						CreatedOnToolsVersion = 15.1;
						TestTargetID = D65904952B46AAD600EA82C8;
					};
				};
			};
			buildConfigurationList = D65904912B46AAD600EA82C8 /* Build configuration list for PBXProject "ARKitDemo" */;
			compatibilityVersion = "Xcode 14.0";
			developmentRegion = en;
			hasScannedForEncodings = 0;
			knownRegions = (
				en,
				Base,
			);
			mainGroup = D659048D2B46AAD600EA82C8;
			productRefGroup = D65904972B46AAD600EA82C8 /* Products */;
			projectDirPath = "";
			projectRoot = "";
			targets = (
				D65904952B46AAD600EA82C8 /* ARKitDemo */,
				D65904A72B46AAD800EA82C8 /* ARKitDemoTests */,
				D65904B12B46AAD800EA82C8 /* ARKitDemoUITests */,
			);
		};
/* End PBXProject section */

/* Begin PBXResourcesBuildPhase section */
		D65904942B46AAD600EA82C8 /* Resources */ = {
			isa = PBXResourcesBuildPhase;
			buildActionMask = 2147483647;
			files = (
				D659049C2B46AAD600EA82C8 /* art.scnassets in Resources */,
				D65904A32B46AAD800EA82C8 /* Assets.xcassets in Resources */,
				D65904A12B46AAD600EA82C8 /* Main.storyboard in Resources */,
			);
			runOnlyForDeploymentPostprocessing = 0;
		};
		D65904A62B46AAD800EA82C8 /* Resources */ = {
			isa = PBXResourcesBuildPhase;
			buildActionMask = 2147483647;
			files = (
			);
			runOnlyForDeploymentPostprocessing = 0;
		};
		D65904B02B46AAD800EA82C8 /* Resources */ = {
			isa = PBXResourcesBuildPhase;
			buildActionMask = 2147483647;
			files = (
			);
			runOnlyForDeploymentPostprocessing = 0;
		};
/* End PBXResourcesBuildPhase section */

/* Begin PBXSourcesBuildPhase section */
		D65904922B46AAD600EA82C8 /* Sources */ = {
			isa = PBXSourcesBuildPhase;
			buildActionMask = 2147483647;
			files = (
				D659049E2B46AAD600EA82C8 /* ViewController.swift in Sources */,
				D659049A2B46AAD600EA82C8 /* AppDelegate.swift in Sources */,
			);
			runOnlyForDeploymentPostprocessing = 0;
		};
		D65904A42B46AAD800EA82C8 /* Sources */ = {
			isa = PBXSourcesBuildPhase;
			buildActionMask = 2147483647;
			files = (
				D65904AD2B46AAD800EA82C8 /* ARKitDemoTests.swift in Sources */,
			);
			runOnlyForDeploymentPostprocessing = 0;
		};
		D65904AE2B46AAD800EA82C8 /* Sources */ = {
			isa = PBXSourcesBuildPhase;
			buildActionMask = 2147483647;
			files = (
				D65904B72B46AAD800EA82C8 /* ARKitDemoUITests.swift in Sources */,
				D65904B92B46AAD800EA82C8 /* ARKitDemoUITestsLaunchTests.swift in Sources */,
			);
			runOnlyForDeploymentPostprocessing = 0;
		};
/* End PBXSourcesBuildPhase section */

/* Begin PBXTargetDependency section */
		D65904AA2B46AAD800EA82C8 /* PBXTargetDependency */ = {
			isa = PBXTargetDependency;
			target = D65904952B46AAD600EA82C8 /* ARKitDemo */;
			targetProxy = D65904A92B46AAD800EA82C8 /* PBXContainerItemProxy */;
		};
		D65904B42B46AAD800EA82C8 /* PBXTargetDependency */ = {
			isa = PBXTargetDependency;
			target = D65904952B46AAD600EA82C8 /* ARKitDemo */;
			targetProxy = D65904B32B46AAD800EA82C8 /* PBXContainerItemProxy */;
		};
/* End PBXTargetDependency section */

/* Begin PBXVariantGroup section */
		D659049F2B46AAD600EA82C8 /* Main.storyboard */ = {
			isa = PBXVariantGroup;
			children = (
				D65904A02B46AAD600EA82C8 /* Base */,
			);
			name = Main.storyboard;
			sourceTree = "<group>";
		};
/* End PBXVariantGroup section */

/* Begin XCBuildConfiguration section */
		D65904BA2B46AAD800EA82C8 /* Debug */ = {
			isa = XCBuildConfiguration;
			buildSettings = {
				ALWAYS_SEARCH_USER_PATHS = NO;
				ASSETCATALOG_COMPILER_GENERATE_SWIFT_ASSET_SYMBOL_EXTENSIONS = YES;
				CLANG_ANALYZER_NONNULL = YES;
				CLANG_ANALYZER_NUMBER_OBJECT_CONVERSION = YES_AGGRESSIVE;
				CLANG_CXX_LANGUAGE_STANDARD = "gnu++20";
				CLANG_ENABLE_MODULES = YES;
				CLANG_ENABLE_OBJC_ARC = YES;
				CLANG_ENABLE_OBJC_WEAK = YES;
				CLANG_WARN_BLOCK_CAPTURE_AUTORELEASING = YES;
				CLANG_WARN_BOOL_CONVERSION = YES;
				CLANG_WARN_COMMA = YES;
				CLANG_WARN_CONSTANT_CONVERSION = YES;
				CLANG_WARN_DEPRECATED_OBJC_IMPLEMENTATIONS = YES;
				CLANG_WARN_DIRECT_OBJC_ISA_USAGE = YES_ERROR;
				CLANG_WARN_DOCUMENTATION_COMMENTS = YES;
				CLANG_WARN_EMPTY_BODY = YES;
				CLANG_WARN_ENUM_CONVERSION = YES;
				CLANG_WARN_INFINITE_RECURSION = YES;
				CLANG_WARN_INT_CONVERSION = YES;
				CLANG_WARN_NON_LITERAL_NULL_CONVERSION = YES;
				CLANG_WARN_OBJC_IMPLICIT_RETAIN_SELF = YES;
				CLANG_WARN_OBJC_LITERAL_CONVERSION = YES;
				CLANG_WARN_OBJC_ROOT_CLASS = YES_ERROR;
				CLANG_WARN_QUOTED_INCLUDE_IN_FRAMEWORK_HEADER = YES;
				CLANG_WARN_RANGE_LOOP_ANALYSIS = YES;
				CLANG_WARN_STRICT_PROTOTYPES = YES;
				CLANG_WARN_SUSPICIOUS_MOVE = YES;
				CLANG_WARN_UNGUARDED_AVAILABILITY = YES_AGGRESSIVE;
				CLANG_WARN_UNREACHABLE_CODE = YES;
				CLANG_WARN__DUPLICATE_METHOD_MATCH = YES;
				COPY_PHASE_STRIP = NO;
				DEBUG_INFORMATION_FORMAT = dwarf;
				ENABLE_STRICT_OBJC_MSGSEND = YES;
				ENABLE_TESTABILITY = YES;
				ENABLE_USER_SCRIPT_SANDBOXING = YES;
				GCC_C_LANGUAGE_STANDARD = gnu17;
				GCC_DYNAMIC_NO_PIC = NO;
				GCC_NO_COMMON_BLOCKS = YES;
				GCC_OPTIMIZATION_LEVEL = 0;
				GCC_PREPROCESSOR_DEFINITIONS = (
					"DEBUG=1",
					"$(inherited)",
				);
				GCC_WARN_64_TO_32_BIT_CONVERSION = YES;
				GCC_WARN_ABOUT_RETURN_TYPE = YES_ERROR;
				GCC_WARN_UNDECLARED_SELECTOR = YES;
				GCC_WARN_UNINITIALIZED_AUTOS = YES_AGGRESSIVE;
				GCC_WARN_UNUSED_FUNCTION = YES;
				GCC_WARN_UNUSED_VARIABLE = YES;
				IPHONEOS_DEPLOYMENT_TARGET = 17.2;
				LOCALIZATION_PREFERS_STRING_CATALOGS = YES;
				MTL_ENABLE_DEBUG_INFO = INCLUDE_SOURCE;
				MTL_FAST_MATH = YES;
				ONLY_ACTIVE_ARCH = YES;
				SDKROOT = iphoneos;
				SWIFT_ACTIVE_COMPILATION_CONDITIONS = "DEBUG $(inherited)";
				SWIFT_OPTIMIZATION_LEVEL = "-Onone";
			};
			name = Debug;
		};
		D65904BB2B46AAD800EA82C8 /* Release */ = {
			isa = XCBuildConfiguration;
			buildSettings = {
				ALWAYS_SEARCH_USER_PATHS = NO;
				ASSETCATALOG_COMPILER_GENERATE_SWIFT_ASSET_SYMBOL_EXTENSIONS = YES;
				CLANG_ANALYZER_NONNULL = YES;
				CLANG_ANALYZER_NUMBER_OBJECT_CONVERSION = YES_AGGRESSIVE;
				CLANG_CXX_LANGUAGE_STANDARD = "gnu++20";
				CLANG_ENABLE_MODULES = YES;
				CLANG_ENABLE_OBJC_ARC = YES;
				CLANG_ENABLE_OBJC_WEAK = YES;
				CLANG_WARN_BLOCK_CAPTURE_AUTORELEASING = YES;
				CLANG_WARN_BOOL_CONVERSION = YES;
				CLANG_WARN_COMMA = YES;
				CLANG_WARN_CONSTANT_CONVERSION = YES;
				CLANG_WARN_DEPRECATED_OBJC_IMPLEMENTATIONS = YES;
				CLANG_WARN_DIRECT_OBJC_ISA_USAGE = YES_ERROR;
				CLANG_WARN_DOCUMENTATION_COMMENTS = YES;
				CLANG_WARN_EMPTY_BODY = YES;
				CLANG_WARN_ENUM_CONVERSION = YES;
				CLANG_WARN_INFINITE_RECURSION = YES;
				CLANG_WARN_INT_CONVERSION = YES;
				CLANG_WARN_NON_LITERAL_NULL_CONVERSION = YES;
				CLANG_WARN_OBJC_IMPLICIT_RETAIN_SELF = YES;
				CLANG_WARN_OBJC_LITERAL_CONVERSION = YES;
				CLANG_WARN_OBJC_ROOT_CLASS = YES_ERROR;
				CLANG_WARN_QUOTED_INCLUDE_IN_FRAMEWORK_HEADER = YES;
				CLANG_WARN_RANGE_LOOP_ANALYSIS = YES;
				CLANG_WARN_STRICT_PROTOTYPES = YES;
				CLANG_WARN_SUSPICIOUS_MOVE = YES;
				CLANG_WARN_UNGUARDED_AVAILABILITY = YES_AGGRESSIVE;
				CLANG_WARN_UNREACHABLE_CODE = YES;
				CLANG_WARN__DUPLICATE_METHOD_MATCH = YES;
				COPY_PHASE_STRIP = NO;
				DEBUG_INFORMATION_FORMAT = "dwarf-with-dsym";
				ENABLE_NS_ASSERTIONS = NO;
				ENABLE_STRICT_OBJC_MSGSEND = YES;
				ENABLE_USER_SCRIPT_SANDBOXING = YES;
				GCC_C_LANGUAGE_STANDARD = gnu17;
				GCC_NO_COMMON_BLOCKS = YES;
				GCC_WARN_64_TO_32_BIT_CONVERSION = YES;
				GCC_WARN_ABOUT_RETURN_TYPE = YES_ERROR;
				GCC_WARN_UNDECLARED_SELECTOR = YES;
				GCC_WARN_UNINITIALIZED_AUTOS = YES_AGGRESSIVE;
				GCC_WARN_UNUSED_FUNCTION = YES;
				GCC_WARN_UNUSED_VARIABLE = YES;
				IPHONEOS_DEPLOYMENT_TARGET = 17.2;
				LOCALIZATION_PREFERS_STRING_CATALOGS = YES;
				MTL_ENABLE_DEBUG_INFO = NO;
				MTL_FAST_MATH = YES;
				SDKROOT = iphoneos;
				SWIFT_COMPILATION_MODE = wholemodule;
				VALIDATE_PRODUCT = YES;
			};
			name = Release;
		};
		D65904BD2B46AAD800EA82C8 /* Debug */ = {
			isa = XCBuildConfiguration;
			buildSettings = {
				ASSETCATALOG_COMPILER_APPICON_NAME = AppIcon;
				ASSETCATALOG_COMPILER_GLOBAL_ACCENT_COLOR_NAME = AccentColor;
				CODE_SIGN_STYLE = Automatic;
				CURRENT_PROJECT_VERSION = 1;
				GENERATE_INFOPLIST_FILE = YES;
				INFOPLIST_KEY_NSCameraUsageDescription = "Camera use description";
				INFOPLIST_KEY_UIApplicationSupportsIndirectInputEvents = YES;
				INFOPLIST_KEY_UIMainStoryboardFile = Main;
				INFOPLIST_KEY_UIRequiredDeviceCapabilities = arkit;
				INFOPLIST_KEY_UIStatusBarHidden = YES;
				INFOPLIST_KEY_UISupportedInterfaceOrientations_iPad = "UIInterfaceOrientationPortrait UIInterfaceOrientationPortraitUpsideDown UIInterfaceOrientationLandscapeLeft UIInterfaceOrientationLandscapeRight";
				INFOPLIST_KEY_UISupportedInterfaceOrientations_iPhone = "UIInterfaceOrientationPortrait UIInterfaceOrientationLandscapeLeft UIInterfaceOrientationLandscapeRight";
				LD_RUNPATH_SEARCH_PATHS = (
					"$(inherited)",
					"@executable_path/Frameworks",
				);
				MARKETING_VERSION = 1.0;
				PRODUCT_BUNDLE_IDENTIFIER = com.template.ARKitDemo;
				PRODUCT_NAME = "$(TARGET_NAME)";
				SWIFT_EMIT_LOC_STRINGS = YES;
				SWIFT_VERSION = 5.0;
				TARGETED_DEVICE_FAMILY = "1,2";
			};
			name = Debug;
		};
		D65904BE2B46AAD800EA82C8 /* Release */ = {
			isa = XCBuildConfiguration;
			buildSettings = {
				ASSETCATALOG_COMPILER_APPICON_NAME = AppIcon;
				ASSETCATALOG_COMPILER_GLOBAL_ACCENT_COLOR_NAME = AccentColor;
				CODE_SIGN_STYLE = Automatic;
				CURRENT_PROJECT_VERSION = 1;
				GENERATE_INFOPLIST_FILE = YES;
				INFOPLIST_KEY_NSCameraUsageDescription = "Camera use description";
				INFOPLIST_KEY_UIApplicationSupportsIndirectInputEvents = YES;
				INFOPLIST_KEY_UIMainStoryboardFile = Main;
				INFOPLIST_KEY_UIRequiredDeviceCapabilities = arkit;
				INFOPLIST_KEY_UIStatusBarHidden = YES;
				INFOPLIST_KEY_UISupportedInterfaceOrientations_iPad = "UIInterfaceOrientationPortrait UIInterfaceOrientationPortraitUpsideDown UIInterfaceOrientationLandscapeLeft UIInterfaceOrientationLandscapeRight";
				INFOPLIST_KEY_UISupportedInterfaceOrientations_iPhone = "UIInterfaceOrientationPortrait UIInterfaceOrientationLandscapeLeft UIInterfaceOrientationLandscapeRight";
				LD_RUNPATH_SEARCH_PATHS = (
					"$(inherited)",
					"@executable_path/Frameworks",
				);
				MARKETING_VERSION = 1.0;
				PRODUCT_BUNDLE_IDENTIFIER = com.template.ARKitDemo;
				PRODUCT_NAME = "$(TARGET_NAME)";
				SWIFT_EMIT_LOC_STRINGS = YES;
				SWIFT_VERSION = 5.0;
				TARGETED_DEVICE_FAMILY = "1,2";
			};
			name = Release;
		};
		D65904C02B46AAD800EA82C8 /* Debug */ = {
			isa = XCBuildConfiguration;
			buildSettings = {
				ALWAYS_EMBED_SWIFT_STANDARD_LIBRARIES = YES;
				BUNDLE_LOADER = "$(TEST_HOST)";
				CODE_SIGN_STYLE = Automatic;
				CURRENT_PROJECT_VERSION = 1;
				GENERATE_INFOPLIST_FILE = YES;
				IPHONEOS_DEPLOYMENT_TARGET = 17.2;
				MARKETING_VERSION = 1.0;
				PRODUCT_BUNDLE_IDENTIFIER = com.template.ARKitDemoTests;
				PRODUCT_NAME = "$(TARGET_NAME)";
				SWIFT_EMIT_LOC_STRINGS = NO;
				SWIFT_VERSION = 5.0;
				TARGETED_DEVICE_FAMILY = "1,2";
				TEST_HOST = "$(BUILT_PRODUCTS_DIR)/ARKitDemo.app/$(BUNDLE_EXECUTABLE_FOLDER_PATH)/ARKitDemo";
			};
			name = Debug;
		};
		D65904C12B46AAD800EA82C8 /* Release */ = {
			isa = XCBuildConfiguration;
			buildSettings = {
				ALWAYS_EMBED_SWIFT_STANDARD_LIBRARIES = YES;
				BUNDLE_LOADER = "$(TEST_HOST)";
				CODE_SIGN_STYLE = Automatic;
				CURRENT_PROJECT_VERSION = 1;
				GENERATE_INFOPLIST_FILE = YES;
				IPHONEOS_DEPLOYMENT_TARGET = 17.2;
				MARKETING_VERSION = 1.0;
				PRODUCT_BUNDLE_IDENTIFIER = com.template.ARKitDemoTests;
				PRODUCT_NAME = "$(TARGET_NAME)";
				SWIFT_EMIT_LOC_STRINGS = NO;
				SWIFT_VERSION = 5.0;
				TARGETED_DEVICE_FAMILY = "1,2";
				TEST_HOST = "$(BUILT_PRODUCTS_DIR)/ARKitDemo.app/$(BUNDLE_EXECUTABLE_FOLDER_PATH)/ARKitDemo";
			};
			name = Release;
		};
		D65904C32B46AAD800EA82C8 /* Debug */ = {
			isa = XCBuildConfiguration;
			buildSettings = {
				ALWAYS_EMBED_SWIFT_STANDARD_LIBRARIES = YES;
				CODE_SIGN_STYLE = Automatic;
				CURRENT_PROJECT_VERSION = 1;
				GENERATE_INFOPLIST_FILE = YES;
				MARKETING_VERSION = 1.0;
				PRODUCT_BUNDLE_IDENTIFIER = com.template.ARKitDemoUITests;
				PRODUCT_NAME = "$(TARGET_NAME)";
				SWIFT_EMIT_LOC_STRINGS = NO;
				SWIFT_VERSION = 5.0;
				TARGETED_DEVICE_FAMILY = "1,2";
				TEST_TARGET_NAME = ARKitDemo;
			};
			name = Debug;
		};
		D65904C42B46AAD800EA82C8 /* Release */ = {
			isa = XCBuildConfiguration;
			buildSettings = {
				ALWAYS_EMBED_SWIFT_STANDARD_LIBRARIES = YES;
				CODE_SIGN_STYLE = Automatic;
				CURRENT_PROJECT_VERSION = 1;
				GENERATE_INFOPLIST_FILE = YES;
				MARKETING_VERSION = 1.0;
				PRODUCT_BUNDLE_IDENTIFIER = com.template.ARKitDemoUITests;
				PRODUCT_NAME = "$(TARGET_NAME)";
				SWIFT_EMIT_LOC_STRINGS = NO;
				SWIFT_VERSION = 5.0;
				TARGETED_DEVICE_FAMILY = "1,2";
				TEST_TARGET_NAME = ARKitDemo;
			};
			name = Release;
		};
/* End XCBuildConfiguration section */

/* Begin XCConfigurationList section */
		D65904912B46AAD600EA82C8 /* Build configuration list for PBXProject "ARKitDemo" */ = {
			isa = XCConfigurationList;
			buildConfigurations = (
				D65904BA2B46AAD800EA82C8 /* Debug */,
				D65904BB2B46AAD800EA82C8 /* Release */,
			);
			defaultConfigurationIsVisible = 0;
			defaultConfigurationName = Release;
		};
		D65904BC2B46AAD800EA82C8 /* Build configuration list for PBXNativeTarget "ARKitDemo" */ = {
			isa = XCConfigurationList;
			buildConfigurations = (
				D65904BD2B46AAD800EA82C8 /* Debug */,
				D65904BE2B46AAD800EA82C8 /* Release */,
			);
			defaultConfigurationIsVisible = 0;
			defaultConfigurationName = Release;
		};
		D65904BF2B46AAD800EA82C8 /* Build configuration list for PBXNativeTarget "ARKitDemoTests" */ = {
			isa = XCConfigurationList;
			buildConfigurations = (
				D65904C02B46AAD800EA82C8 /* Debug */,
				D65904C12B46AAD800EA82C8 /* Release */,
			);
			defaultConfigurationIsVisible = 0;
			defaultConfigurationName = Release;
		};
		D65904C22B46AAD800EA82C8 /* Build configuration list for PBXNativeTarget "ARKitDemoUITests" */ = {
			isa = XCConfigurationList;
			buildConfigurations = (
				D65904C32B46AAD800EA82C8 /* Debug */,
				D65904C42B46AAD800EA82C8 /* Release */,
			);
			defaultConfigurationIsVisible = 0;
			defaultConfigurationName = Release;
		};
/* End XCConfigurationList section */
	};
	rootObject = D659048E2B46AAD600EA82C8 /* Project object */;
}
